
Microsoft Visual Studio Solution File, Format Version 12.00
# Visual Studio 15
VisualStudioVersion = 15.0.28307.902
MinimumVisualStudioVersion = 10.0.40219.1
Project("{FAE04EC0-301F-11D3-BF4B-00C04F79EFBC}") = "MultiTriggerApp1.Android", "MultiTriggerApp1\MultiTriggerApp1.Android\MultiTriggerApp1.Android.csproj", "{D82C2136-5C71-4FA8-8481-86AB3DD8721E}"
EndProject
Project("{FAE04EC0-301F-11D3-BF4B-00C04F79EFBC}") = "MultiTriggerApp1.iOS", "MultiTriggerApp1\MultiTriggerApp1.iOS\MultiTriggerApp1.iOS.csproj", "{24EFE6EB-39D8-429E-AE2C-2647BDA4D114}"
EndProject
Project("{FAE04EC0-301F-11D3-BF4B-00C04F79EFBC}") = "MultiTriggerApp1", "MultiTriggerApp1\MultiTriggerApp1\MultiTriggerApp1.csproj", "{F5112501-3E36-4811-ACB0-627AECC9A829}"
EndProject
Global
	GlobalSection(SolutionConfigurationPlatforms) = preSolution
		Ad-Hoc|Any CPU = Ad-Hoc|Any CPU
		Ad-Hoc|iPhone = Ad-Hoc|iPhone
		Ad-Hoc|iPhoneSimulator = Ad-Hoc|iPhoneSimulator
		AppStore|Any CPU = AppStore|Any CPU
		AppStore|iPhone = AppStore|iPhone
		AppStore|iPhoneSimulator = AppStore|iPhoneSimulator
		Debug|Any CPU = Debug|Any CPU
		Debug|iPhone = Debug|iPhone
		Debug|iPhoneSimulator = Debug|iPhoneSimulator
		Release|Any CPU = Release|Any CPU
		Release|iPhone = Release|iPhone
		Release|iPhoneSimulator = Release|iPhoneSimulator
	EndGlobalSection
	GlobalSection(ProjectConfigurationPlatforms) = postSolution
		{D82C2136-5C71-4FA8-8481-86AB3DD8721E}.Ad-Hoc|Any CPU.ActiveCfg = Release|Any CPU
		{D82C2136-5C71-4FA8-8481-86AB3DD8721E}.Ad-Hoc|Any CPU.Build.0 = Release|Any CPU
		{D82C2136-5C71-4FA8-8481-86AB3DD8721E}.Ad-Hoc|Any CPU.Deploy.0 = Release|Any CPU
		{D82C2136-5C71-4FA8-8481-86AB3DD8721E}.Ad-Hoc|iPhone.ActiveCfg = Release|Any CPU
		{D82C2136-5C71-4FA8-8481-86AB3DD8721E}.Ad-Hoc|iPhone.Build.0 = Release|Any CPU
		{D82C2136-5C71-4FA8-8481-86AB3DD8721E}.Ad-Hoc|iPhone.Deploy.0 = Release|Any CPU
		{D82C2136-5C71-4FA8-8481-86AB3DD8721E}.Ad-Hoc|iPhoneSimulator.ActiveCfg = Release|Any CPU
		{D82C2136-5C71-4FA8-8481-86AB3DD8721E}.Ad-Hoc|iPhoneSimulator.Build.0 = Release|Any CPU
		{D82C2136-5C71-4FA8-8481-86AB3DD8721E}.Ad-Hoc|iPhoneSimulator.Deploy.0 = Release|Any CPU
		{D82C2136-5C71-4FA8-8481-86AB3DD8721E}.AppStore|Any CPU.ActiveCfg = Release|Any CPU
		{D82C2136-5C71-4FA8-8481-86AB3DD8721E}.AppStore|Any CPU.Build.0 = Release|Any CPU
		{D82C2136-5C71-4FA8-8481-86AB3DD8721E}.AppStore|Any CPU.Deploy.0 = Release|Any CPU
		{D82C2136-5C71-4FA8-8481-86AB3DD8721E}.AppStore|iPhone.ActiveCfg = Release|Any CPU
		{D82C2136-5C71-4FA8-8481-86AB3DD8721E}.AppStore|iPhone.Build.0 = Release|Any CPU
		{D82C2136-5C71-4FA8-8481-86AB3DD8721E}.AppStore|iPhone.Deploy.0 = Release|Any CPU
		{D82C2136-5C71-4FA8-8481-86AB3DD8721E}.AppStore|iPhoneSimulator.ActiveCfg = Release|Any CPU
		{D82C2136-5C71-4FA8-8481-86AB3DD8721E}.AppStore|iPhoneSimulator.Build.0 = Release|Any CPU
		{D82C2136-5C71-4FA8-8481-86AB3DD8721E}.AppStore|iPhoneSimulator.Deploy.0 = Release|Any CPU
		{D82C2136-5C71-4FA8-8481-86AB3DD8721E}.Debug|Any CPU.ActiveCfg = Debug|Any CPU
		{D82C2136-5C71-4FA8-8481-86AB3DD8721E}.Debug|Any CPU.Build.0 = Debug|Any CPU
		{D82C2136-5C71-4FA8-8481-86AB3DD8721E}.Debug|Any CPU.Deploy.0 = Debug|Any CPU
		{D82C2136-5C71-4FA8-8481-86AB3DD8721E}.Debug|iPhone.ActiveCfg = Debug|Any CPU
		{D82C2136-5C71-4FA8-8481-86AB3DD8721E}.Debug|iPhone.Build.0 = Debug|Any CPU
		{D82C2136-5C71-4FA8-8481-86AB3DD8721E}.Debug|iPhone.Deploy.0 = Debug|Any CPU
		{D82C2136-5C71-4FA8-8481-86AB3DD8721E}.Debug|iPhoneSimulator.ActiveCfg = Debug|Any CPU
		{D82C2136-5C71-4FA8-8481-86AB3DD8721E}.Debug|iPhoneSimulator.Build.0 = Debug|Any CPU
		{D82C2136-5C71-4FA8-8481-86AB3DD8721E}.Debug|iPhoneSimulator.Deploy.0 = Debug|Any CPU
		{D82C2136-5C71-4FA8-8481-86AB3DD8721E}.Release|Any CPU.ActiveCfg = Release|Any CPU
		{D82C2136-5C71-4FA8-8481-86AB3DD8721E}.Release|Any CPU.Build.0 = Release|Any CPU
		{D82C2136-5C71-4FA8-8481-86AB3DD8721E}.Release|Any CPU.Deploy.0 = Release|Any CPU
		{D82C2136-5C71-4FA8-8481-86AB3DD8721E}.Release|iPhone.ActiveCfg = Release|Any CPU
		{D82C2136-5C71-4FA8-8481-86AB3DD8721E}.Release|iPhone.Build.0 = Release|Any CPU
		{D82C2136-5C71-4FA8-8481-86AB3DD8721E}.Release|iPhone.Deploy.0 = Release|Any CPU
		{D82C2136-5C71-4FA8-8481-86AB3DD8721E}.Release|iPhoneSimulator.ActiveCfg = Release|Any CPU
		{D82C2136-5C71-4FA8-8481-86AB3DD8721E}.Release|iPhoneSimulator.Build.0 = Release|Any CPU
		{D82C2136-5C71-4FA8-8481-86AB3DD8721E}.Release|iPhoneSimulator.Deploy.0 = Release|Any CPU
		{24EFE6EB-39D8-429E-AE2C-2647BDA4D114}.Ad-Hoc|Any CPU.ActiveCfg = Ad-Hoc|iPhone
		{24EFE6EB-39D8-429E-AE2C-2647BDA4D114}.Ad-Hoc|Any CPU.Build.0 = Ad-Hoc|iPhone
		{24EFE6EB-39D8-429E-AE2C-2647BDA4D114}.Ad-Hoc|Any CPU.Deploy.0 = Ad-Hoc|iPhone
		{24EFE6EB-39D8-429E-AE2C-2647BDA4D114}.Ad-Hoc|iPhone.ActiveCfg = Ad-Hoc|iPhone
		{24EFE6EB-39D8-429E-AE2C-2647BDA4D114}.Ad-Hoc|iPhone.Build.0 = Ad-Hoc|iPhone
		{24EFE6EB-39D8-429E-AE2C-2647BDA4D114}.Ad-Hoc|iPhone.Deploy.0 = Ad-Hoc|iPhone
		{24EFE6EB-39D8-429E-AE2C-2647BDA4D114}.Ad-Hoc|iPhoneSimulator.ActiveCfg = Ad-Hoc|iPhoneSimulator
		{24EFE6EB-39D8-429E-AE2C-2647BDA4D114}.Ad-Hoc|iPhoneSimulator.Build.0 = Ad-Hoc|iPhoneSimulator
		{24EFE6EB-39D8-429E-AE2C-2647BDA4D114}.Ad-Hoc|iPhoneSimulator.Deploy.0 = Ad-Hoc|iPhoneSimulator
		{24EFE6EB-39D8-429E-AE2C-2647BDA4D114}.AppStore|Any CPU.ActiveCfg = AppStore|iPhone
		{24EFE6EB-39D8-429E-AE2C-2647BDA4D114}.AppStore|Any CPU.Build.0 = AppStore|iPhone
		{24EFE6EB-39D8-429E-AE2C-2647BDA4D114}.AppStore|Any CPU.Deploy.0 = AppStore|iPhone
		{24EFE6EB-39D8-429E-AE2C-2647BDA4D114}.AppStore|iPhone.ActiveCfg = AppStore|iPhone
		{24EFE6EB-39D8-429E-AE2C-2647BDA4D114}.AppStore|iPhone.Build.0 = AppStore|iPhone
		{24EFE6EB-39D8-429E-AE2C-2647BDA4D114}.AppStore|iPhone.Deploy.0 = AppStore|iPhone
		{24EFE6EB-39D8-429E-AE2C-2647BDA4D114}.AppStore|iPhoneSimulator.ActiveCfg = AppStore|iPhoneSimulator
		{24EFE6EB-39D8-429E-AE2C-2647BDA4D114}.AppStore|iPhoneSimulator.Build.0 = AppStore|iPhoneSimulator
		{24EFE6EB-39D8-429E-AE2C-2647BDA4D114}.AppStore|iPhoneSimulator.Deploy.0 = AppStore|iPhoneSimulator
		{24EFE6EB-39D8-429E-AE2C-2647BDA4D114}.Debug|Any CPU.ActiveCfg = Debug|iPhoneSimulator
		{24EFE6EB-39D8-429E-AE2C-2647BDA4D114}.Debug|Any CPU.Build.0 = Debug|iPhoneSimulator
		{24EFE6EB-39D8-429E-AE2C-2647BDA4D114}.Debug|Any CPU.Deploy.0 = Debug|iPhoneSimulator
		{24EFE6EB-39D8-429E-AE2C-2647BDA4D114}.Debug|iPhone.ActiveCfg = Debug|iPhone
		{24EFE6EB-39D8-429E-AE2C-2647BDA4D114}.Debug|iPhone.Build.0 = Debug|iPhone
		{24EFE6EB-39D8-429E-AE2C-2647BDA4D114}.Debug|iPhone.Deploy.0 = Debug|iPhone
		{24EFE6EB-39D8-429E-AE2C-2647BDA4D114}.Debug|iPhoneSimulator.ActiveCfg = Debug|iPhoneSimulator
		{24EFE6EB-39D8-429E-AE2C-2647BDA4D114}.Debug|iPhoneSimulator.Build.0 = Debug|iPhoneSimulator
		{24EFE6EB-39D8-429E-AE2C-2647BDA4D114}.Debug|iPhoneSimulator.Deploy.0 = Debug|iPhoneSimulator
		{24EFE6EB-39D8-429E-AE2C-2647BDA4D114}.Release|Any CPU.ActiveCfg = Release|iPhone
		{24EFE6EB-39D8-429E-AE2C-2647BDA4D114}.Release|Any CPU.Build.0 = Release|iPhone
		{24EFE6EB-39D8-429E-AE2C-2647BDA4D114}.Release|Any CPU.Deploy.0 = Release|iPhone
		{24EFE6EB-39D8-429E-AE2C-2647BDA4D114}.Release|iPhone.ActiveCfg = Release|iPhone
		{24EFE6EB-39D8-429E-AE2C-2647BDA4D114}.Release|iPhone.Build.0 = Release|iPhone
		{24EFE6EB-39D8-429E-AE2C-2647BDA4D114}.Release|iPhone.Deploy.0 = Release|iPhone
		{24EFE6EB-39D8-429E-AE2C-2647BDA4D114}.Release|iPhoneSimulator.ActiveCfg = Release|iPhoneSimulator
		{24EFE6EB-39D8-429E-AE2C-2647BDA4D114}.Release|iPhoneSimulator.Build.0 = Release|iPhoneSimulator
		{24EFE6EB-39D8-429E-AE2C-2647BDA4D114}.Release|iPhoneSimulator.Deploy.0 = Release|iPhoneSimulator
		{F5112501-3E36-4811-ACB0-627AECC9A829}.Ad-Hoc|Any CPU.ActiveCfg = Debug|Any CPU
		{F5112501-3E36-4811-ACB0-627AECC9A829}.Ad-Hoc|Any CPU.Build.0 = Debug|Any CPU
		{F5112501-3E36-4811-ACB0-627AECC9A829}.Ad-Hoc|Any CPU.Deploy.0 = Debug|Any CPU
		{F5112501-3E36-4811-ACB0-627AECC9A829}.Ad-Hoc|iPhone.ActiveCfg = Debug|Any CPU
		{F5112501-3E36-4811-ACB0-627AECC9A829}.Ad-Hoc|iPhone.Build.0 = Debug|Any CPU
		{F5112501-3E36-4811-ACB0-627AECC9A829}.Ad-Hoc|iPhone.Deploy.0 = Debug|Any CPU
		{F5112501-3E36-4811-ACB0-627AECC9A829}.Ad-Hoc|iPhoneSimulator.ActiveCfg = Debug|Any CPU
		{F5112501-3E36-4811-ACB0-627AECC9A829}.Ad-Hoc|iPhoneSimulator.Build.0 = Debug|Any CPU
		{F5112501-3E36-4811-ACB0-627AECC9A829}.Ad-Hoc|iPhoneSimulator.Deploy.0 = Debug|Any CPU
		{F5112501-3E36-4811-ACB0-627AECC9A829}.AppStore|Any CPU.ActiveCfg = Debug|Any CPU
		{F5112501-3E36-4811-ACB0-627AECC9A829}.AppStore|Any CPU.Build.0 = Debug|Any CPU
		{F5112501-3E36-4811-ACB0-627AECC9A829}.AppStore|Any CPU.Deploy.0 = Debug|Any CPU
		{F5112501-3E36-4811-ACB0-627AECC9A829}.AppStore|iPhone.ActiveCfg = Debug|Any CPU
		{F5112501-3E36-4811-ACB0-627AECC9A829}.AppStore|iPhone.Build.0 = Debug|Any CPU
		{F5112501-3E36-4811-ACB0-627AECC9A829}.AppStore|iPhone.Deploy.0 = Debug|Any CPU
		{F5112501-3E36-4811-ACB0-627AECC9A829}.AppStore|iPhoneSimulator.ActiveCfg = Debug|Any CPU
		{F5112501-3E36-4811-ACB0-627AECC9A829}.AppStore|iPhoneSimulator.Build.0 = Debug|Any CPU
		{F5112501-3E36-4811-ACB0-627AECC9A829}.AppStore|iPhoneSimulator.Deploy.0 = Debug|Any CPU
		{F5112501-3E36-4811-ACB0-627AECC9A829}.Debug|Any CPU.ActiveCfg = Debug|Any CPU
		{F5112501-3E36-4811-ACB0-627AECC9A829}.Debug|Any CPU.Build.0 = Debug|Any CPU
		{F5112501-3E36-4811-ACB0-627AECC9A829}.Debug|Any CPU.Deploy.0 = Debug|Any CPU
		{F5112501-3E36-4811-ACB0-627AECC9A829}.Debug|iPhone.ActiveCfg = Debug|Any CPU
		{F5112501-3E36-4811-ACB0-627AECC9A829}.Debug|iPhone.Build.0 = Debug|Any CPU
		{F5112501-3E36-4811-ACB0-627AECC9A829}.Debug|iPhone.Deploy.0 = Debug|Any CPU
		{F5112501-3E36-4811-ACB0-627AECC9A829}.Debug|iPhoneSimulator.ActiveCfg = Debug|Any CPU
		{F5112501-3E36-4811-ACB0-627AECC9A829}.Debug|iPhoneSimulator.Build.0 = Debug|Any CPU
		{F5112501-3E36-4811-ACB0-627AECC9A829}.Debug|iPhoneSimulator.Deploy.0 = Debug|Any CPU
		{F5112501-3E36-4811-ACB0-627AECC9A829}.Release|Any CPU.ActiveCfg = Release|Any CPU
		{F5112501-3E36-4811-ACB0-627AECC9A829}.Release|Any CPU.Build.0 = Release|Any CPU
		{F5112501-3E36-4811-ACB0-627AECC9A829}.Release|Any CPU.Deploy.0 = Release|Any CPU
		{F5112501-3E36-4811-ACB0-627AECC9A829}.Release|iPhone.ActiveCfg = Release|Any CPU
		{F5112501-3E36-4811-ACB0-627AECC9A829}.Release|iPhone.Build.0 = Release|Any CPU
		{F5112501-3E36-4811-ACB0-627AECC9A829}.Release|iPhone.Deploy.0 = Release|Any CPU
		{F5112501-3E36-4811-ACB0-627AECC9A829}.Release|iPhoneSimulator.ActiveCfg = Release|Any CPU
		{F5112501-3E36-4811-ACB0-627AECC9A829}.Release|iPhoneSimulator.Build.0 = Release|Any CPU
		{F5112501-3E36-4811-ACB0-627AECC9A829}.Release|iPhoneSimulator.Deploy.0 = Release|Any CPU
	EndGlobalSection
	GlobalSection(SolutionProperties) = preSolution
		HideSolutionNode = FALSE
	EndGlobalSection
	GlobalSection(ExtensibilityGlobals) = postSolution
		SolutionGuid = {D651135B-3FE0-4377-BA73-50D0E8DA3B6B}
	EndGlobalSection
EndGlobal
